lockfileVersion: 5.3

importers:

  .:
    specifiers:
      '@v-ui/components': workspace:^1.0.0
      '@v-ui/theme-chalk': workspace:^1.0.0
      '@v-ui/utils': workspace:^1.0.0
      typescript: ^4.4.4
      vue: ^3.2.20
    dependencies:
      '@v-ui/components': link:packages/components
      '@v-ui/theme-chalk': link:packages/theme-chalk
      '@v-ui/utils': link:packages/utils
    devDependencies:
      typescript: registry.npmmirror.com/typescript/4.4.4
      vue: registry.npmmirror.com/vue/3.2.20

  play:
    specifiers:
      '@vitejs/plugin-vue': ^1.9.3
      vite: ^2.6.10
    dependencies:
      '@vitejs/plugin-vue': 1.9.3_vite@2.6.10
      vite: 2.6.10

packages:

  /@vitejs/plugin-vue/1.9.3_vite@2.6.10:
    resolution: {integrity: sha512-yW6H/q+4Mc2PcVjSOelcsMrg/k15DnMUz8jyCFsI04emc3aLwo4AoofUfGnjHUkgirrDxSJLVqQVGhonQ3yykA==}
    engines: {node: '>=12.0.0'}
    peerDependencies:
      vite: ^2.5.10
    dependencies:
      vite: 2.6.10
    dev: false

  /esbuild-android-arm64/0.13.8:
    resolution: {integrity: sha512-AilbChndywpk7CdKkNSZ9klxl+9MboLctXd9LwLo3b0dawmOF/i/t2U5d8LM6SbT1Xw36F8yngSUPrd8yPs2RA==}
    cpu: [arm64]
    os: [android]
    requiresBuild: true
    dev: false
    optional: true

  /esbuild-darwin-64/0.13.8:
    resolution: {integrity: sha512-b6sdiT84zV5LVaoF+UoMVGJzR/iE2vNUfUDfFQGrm4LBwM/PWXweKpuu6RD9mcyCq18cLxkP6w/LD/w9DtX3ng==}
    cpu: [x64]
    os: [darwin]
    requiresBuild: true
    dev: false
    optional: true

  /esbuild-darwin-arm64/0.13.8:
    resolution: {integrity: sha512-R8YuPiiJayuJJRUBG4H0VwkEKo6AvhJs2m7Tl0JaIer3u1FHHXwGhMxjJDmK+kXwTFPriSysPvcobXC/UrrZCQ==}
    cpu: [arm64]
    os: [darwin]
    requiresBuild: true
    dev: false
    optional: true

  /esbuild-freebsd-64/0.13.8:
    resolution: {integrity: sha512-zBn6urrn8FnKC+YSgDxdof9jhPCeU8kR/qaamlV4gI8R3KUaUK162WYM7UyFVAlj9N0MyD3AtB+hltzu4cysTw==}
    cpu: [x64]
    os: [freebsd]
    requiresBuild: true
    dev: false
    optional: true

  /esbuild-freebsd-arm64/0.13.8:
    resolution: {integrity: sha512-pWW2slN7lGlkx0MOEBoUGwRX5UgSCLq3dy2c8RIOpiHtA87xAUpDBvZK10MykbT+aMfXc0NI2lu1X+6kI34xng==}
    cpu: [arm64]
    os: [freebsd]
    requiresBuild: true
    dev: false
    optional: true

  /esbuild-linux-32/0.13.8:
    resolution: {integrity: sha512-T0I0ueeKVO/Is0CAeSEOG9s2jeNNb8jrrMwG9QBIm3UU18MRB60ERgkS2uV3fZ1vP2F8i3Z2e3Zju4lg9dhVmw==}
    cpu: [ia32]
    os: [linux]
    requiresBuild: true
    dev: false
    optional: true

  /esbuild-linux-64/0.13.8:
    resolution: {integrity: sha512-Bm8SYmFtvfDCIu9sjKppFXzRXn2BVpuCinU1ChTuMtdKI/7aPpXIrkqBNOgPTOQO9AylJJc1Zw6EvtKORhn64w==}
    cpu: [x64]
    os: [linux]
    requiresBuild: true
    dev: false
    optional: true

  /esbuild-linux-arm/0.13.8:
    resolution: {integrity: sha512-4/HfcC40LJ4GPyboHA+db0jpFarTB628D1ifU+/5bunIgY+t6mHkJWyxWxAAE8wl/ZIuRYB9RJFdYpu1AXGPdg==}
    cpu: [arm]
    os: [linux]
    requiresBuild: true
    dev: false
    optional: true

  /esbuild-linux-arm64/0.13.8:
    resolution: {integrity: sha512-X4pWZ+SL+FJ09chWFgRNO3F+YtvAQRcWh0uxKqZSWKiWodAB20flsW/OWFYLXBKiVCTeoGMvENZS/GeVac7+tQ==}
    cpu: [arm64]
    os: [linux]
    requiresBuild: true
    dev: false
    optional: true

  /esbuild-linux-mips64le/0.13.8:
    resolution: {integrity: sha512-o7e0D+sqHKT31v+mwFircJFjwSKVd2nbkHEn4l9xQ1hLR+Bv8rnt3HqlblY3+sBdlrOTGSwz0ReROlKUMJyldA==}
    cpu: [mips64el]
    os: [linux]
    requiresBuild: true
    dev: false
    optional: true

  /esbuild-linux-ppc64le/0.13.8:
    resolution: {integrity: sha512-eZSQ0ERsWkukJp2px/UWJHVNuy0lMoz/HZcRWAbB6reoaBw7S9vMzYNUnflfL3XA6WDs+dZn3ekHE4Y2uWLGig==}
    cpu: [ppc64]
    os: [linux]
    requiresBuild: true
    dev: false
    optional: true

  /esbuild-netbsd-64/0.13.8:
    resolution: {integrity: sha512-gZX4kP7gVvOrvX0ZwgHmbuHczQUwqYppxqtoyC7VNd80t5nBHOFXVhWo2Ad/Lms0E8b+wwgI/WjZFTCpUHOg9Q==}
    cpu: [x64]
    os: [netbsd]
    requiresBuild: true
    dev: false
    optional: true

  /esbuild-openbsd-64/0.13.8:
    resolution: {integrity: sha512-afzza308X4WmcebexbTzAgfEWt9MUkdTvwIa8xOu4CM2qGbl2LanqEl8/LUs8jh6Gqw6WsicEK52GPrS9wvkcw==}
    cpu: [x64]
    os: [openbsd]
    requiresBuild: true
    dev: false
    optional: true

  /esbuild-sunos-64/0.13.8:
    resolution: {integrity: sha512-mWPZibmBbuMKD+LDN23LGcOZ2EawMYBONMXXHmbuxeT0XxCNwadbCVwUQ/2p5Dp5Kvf6mhrlIffcnWOiCBpiVw==}
    cpu: [x64]
    os: [sunos]
    requiresBuild: true
    dev: false
    optional: true

  /esbuild-windows-32/0.13.8:
    resolution: {integrity: sha512-QsZ1HnWIcnIEApETZWw8HlOhDSWqdZX2SylU7IzGxOYyVcX7QI06ety/aDcn437mwyO7Ph4RrbhB+2ntM8kX8A==}
    cpu: [ia32]
    os: [win32]
    requiresBuild: true
    dev: false
    optional: true

  /esbuild-windows-64/0.13.8:
    resolution: {integrity: sha512-76Fb57B9eE/JmJi1QmUW0tRLQZfGo0it+JeYoCDTSlbTn7LV44ecOHIMJSSgZADUtRMWT9z0Kz186bnaB3amSg==}
    cpu: [x64]
    os: [win32]
    requiresBuild: true
    dev: false
    optional: true

  /esbuild-windows-arm64/0.13.8:
    resolution: {integrity: sha512-HW6Mtq5eTudllxY2YgT62MrVcn7oq2o8TAoAvDUhyiEmRmDY8tPwAhb1vxw5/cdkbukM3KdMYtksnUhF/ekWeg==}
    cpu: [arm64]
    os: [win32]
    requiresBuild: true
    dev: false
    optional: true

  /esbuild/0.13.8:
    resolution: {integrity: sha512-A4af7G7YZLfG5OnARJRMtlpEsCkq/zHZQXewgPA864l9D6VjjbH1SuFYK/OSV6BtHwDGkdwyRrX0qQFLnMfUcw==}
    hasBin: true
    requiresBuild: true
    optionalDependencies:
      esbuild-android-arm64: 0.13.8
      esbuild-darwin-64: 0.13.8
      esbuild-darwin-arm64: 0.13.8
      esbuild-freebsd-64: 0.13.8
      esbuild-freebsd-arm64: 0.13.8
      esbuild-linux-32: 0.13.8
      esbuild-linux-64: 0.13.8
      esbuild-linux-arm: 0.13.8
      esbuild-linux-arm64: 0.13.8
      esbuild-linux-mips64le: 0.13.8
      esbuild-linux-ppc64le: 0.13.8
      esbuild-netbsd-64: 0.13.8
      esbuild-openbsd-64: 0.13.8
      esbuild-sunos-64: 0.13.8
      esbuild-windows-32: 0.13.8
      esbuild-windows-64: 0.13.8
      esbuild-windows-arm64: 0.13.8
    dev: false

  /fsevents/2.3.2:
    resolution: {integrity: sha512-xiqMQR4xAeHTuB9uWm+fFRcIOgKBMiOBP+eXiyT7jsgVCq1bkVygt00oASowB7EdtpOHaaPgKt812P9ab+DDKA==}
    engines: {node: ^8.16.0 || ^10.6.0 || >=11.0.0}
    os: [darwin]
    requiresBuild: true
    dev: false
    optional: true

  /function-bind/1.1.1:
    resolution: {integrity: sha512-yIovAzMX49sF8Yl58fSCWJ5svSLuaibPxXQJFLmBObTuCr0Mf1KiPopGM9NiFjiYBCbfaa2Fh6breQ6ANVTI0A==}
    dev: false

  /has/1.0.3:
    resolution: {integrity: sha512-f2dvO0VU6Oej7RkWJGrehjbzMAjFp5/VKPp5tTpWIV4JHHZK1/BxbFRtf/siA2SWTe09caDmVtYYzWEIbBS4zw==}
    engines: {node: '>= 0.4.0'}
    dependencies:
      function-bind: 1.1.1
    dev: false

  /is-core-module/2.8.0:
    resolution: {integrity: sha512-vd15qHsaqrRL7dtH6QNuy0ndJmRDrS9HAM1CAiSifNUFv4x1a0CCVsj18hJ1mShxIG6T2i1sO78MkP56r0nYRw==}
    dependencies:
      has: 1.0.3
    dev: false

  /nanoid/3.1.30:
    resolution: {integrity: sha512-zJpuPDwOv8D2zq2WRoMe1HsfZthVewpel9CAvTfc/2mBD1uUT/agc5f7GHGWXlYkFvi1mVxe4IjvP2HNrop7nQ==}
    engines: {node: ^10 || ^12 || ^13.7 || ^14 || >=15.0.1}
    hasBin: true
    dev: false

  /path-parse/1.0.7:
    resolution: {integrity: sha512-LDJzPVEEEPR+y48z93A0Ed0yXb8pAByGWo/k5YYdYgpY2/2EsOsksJrq7lOHxryrVOn1ejG6oAp8ahvOIQD8sw==}
    dev: false

  /picocolors/0.2.1:
    resolution: {integrity: sha512-cMlDqaLEqfSaW8Z7N5Jw+lyIW869EzT73/F5lhtY9cLGoVxSXznfgfXMO0Z5K0o0Q2TkTXq+0KFsdnSe3jDViA==}
    dev: false

  /postcss/8.3.9:
    resolution: {integrity: sha512-f/ZFyAKh9Dnqytx5X62jgjhhzttjZS7hMsohcI7HEI5tjELX/HxCy3EFhsRxyzGvrzFF+82XPvCS8T9TFleVJw==}
    engines: {node: ^10 || ^12 || >=14}
    dependencies:
      nanoid: 3.1.30
      picocolors: 0.2.1
      source-map-js: 0.6.2
    dev: false

  /resolve/1.20.0:
    resolution: {integrity: sha512-wENBPt4ySzg4ybFQW2TT1zMQucPK95HSh/nq2CFTZVOGut2+pQvSsgtda4d26YrYcr067wjbmzOG8byDPBX63A==}
    dependencies:
      is-core-module: 2.8.0
      path-parse: 1.0.7
    dev: false

  /rollup/2.58.0:
    resolution: {integrity: sha512-NOXpusKnaRpbS7ZVSzcEXqxcLDOagN6iFS8p45RkoiMqPHDLwJm758UF05KlMoCRbLBTZsPOIa887gZJ1AiXvw==}
    engines: {node: '>=10.0.0'}
    hasBin: true
    optionalDependencies:
      fsevents: 2.3.2
    dev: false

  /source-map-js/0.6.2:
    resolution: {integrity: sha512-/3GptzWzu0+0MBQFrDKzw/DvvMTUORvgY6k6jd/VS6iCR4RDTKWH6v6WPwQoUO8667uQEf9Oe38DxAYWY5F/Ug==}
    engines: {node: '>=0.10.0'}
    dev: false

  /vite/2.6.10:
    resolution: {integrity: sha512-XbevwpDJMs3lKiGEj0UQScsOCpwHIjFgfzPnFVkPgnxsF9oPv1uGyckLg58XkXv6LnO46KN9yZqJzINFmAxtUg==}
    engines: {node: '>=12.2.0'}
    hasBin: true
    peerDependencies:
      less: '*'
      sass: '*'
      stylus: '*'
    peerDependenciesMeta:
      less:
        optional: true
      sass:
        optional: true
      stylus:
        optional: true
    dependencies:
      esbuild: 0.13.8
      postcss: 8.3.9
      resolve: 1.20.0
      rollup: 2.58.0
    optionalDependencies:
      fsevents: 2.3.2
    dev: false

  registry.nlark.com/csstype/2.6.18:
    resolution: {integrity: sha1-mAqLUwhfNK8xNBCvBk8r0kF4Qhg=, registry: https://registry.npm.taobao.org/, tarball: https://registry.nlark.com/csstype/download/csstype-2.6.18.tgz}
    name: csstype
    version: 2.6.18
    dev: true

  registry.nlark.com/estree-walker/2.0.2:
    resolution: {integrity: sha1-UvAQF4wqTBF6d1fP6UKtt9LaTKw=, registry: https://registry.npm.taobao.org/, tarball: https://registry.nlark.com/estree-walker/download/estree-walker-2.0.2.tgz}
    name: estree-walker
    version: 2.0.2
    dev: true

  registry.nlark.com/magic-string/0.25.7:
    resolution: {integrity: sha1-P0l9b9NMZpxnmNy4IfLvMfVEUFE=, registry: https://registry.npm.taobao.org/, tarball: https://registry.nlark.com/magic-string/download/magic-string-0.25.7.tgz}
    name: magic-string
    version: 0.25.7
    dependencies:
      sourcemap-codec: registry.nlark.com/sourcemap-codec/1.4.8
    dev: true

  registry.nlark.com/source-map-js/0.6.2:
    resolution: {integrity: sha1-C7XeYxtBz72mz7qL0FqA79/SOF4=, registry: https://registry.npm.taobao.org/, tarball: https://registry.nlark.com/source-map-js/download/source-map-js-0.6.2.tgz}
    name: source-map-js
    version: 0.6.2
    engines: {node: '>=0.10.0'}
    dev: true

  registry.nlark.com/source-map/0.6.1:
    resolution: {integrity: sha1-dHIq8y6WFOnCh6jQu95IteLxomM=, registry: https://registry.npm.taobao.org/, tarball: https://registry.nlark.com/source-map/download/source-map-0.6.1.tgz}
    name: source-map
    version: 0.6.1
    engines: {node: '>=0.10.0'}
    dev: true

  registry.nlark.com/sourcemap-codec/1.4.8:
    resolution: {integrity: sha1-6oBL2UhXQC5pktBaOO8a41qatMQ=, registry: https://registry.npm.taobao.org/, tarball: https://registry.nlark.com/sourcemap-codec/download/sourcemap-codec-1.4.8.tgz}
    name: sourcemap-codec
    version: 1.4.8
    dev: true

  registry.npmmirror.com/@babel/parser/7.15.8:
    resolution: {integrity: sha1-e6zcvnG9w/+TbVEMFdzqfPC5kBY=, registry: https://registry.npm.taobao.org/, tarball: https://registry.npmmirror.com/@babel/parser/download/@babel/parser-7.15.8.tgz}
    name: '@babel/parser'
    version: 7.15.8
    engines: {node: '>=6.0.0'}
    hasBin: true
    dev: true

  registry.npmmirror.com/@vue/compiler-core/3.2.20:
    resolution: {integrity: sha1-r1o8UjeBiDWw0L6DfrWIWo0hwWA=, registry: https://registry.npm.taobao.org/, tarball: https://registry.npmmirror.com/@vue/compiler-core/download/@vue/compiler-core-3.2.20.tgz}
    name: '@vue/compiler-core'
    version: 3.2.20
    dependencies:
      '@babel/parser': registry.npmmirror.com/@babel/parser/7.15.8
      '@vue/shared': registry.npmmirror.com/@vue/shared/3.2.20
      estree-walker: registry.nlark.com/estree-walker/2.0.2
      source-map: registry.nlark.com/source-map/0.6.1
    dev: true

  registry.npmmirror.com/@vue/compiler-dom/3.2.20:
    resolution: {integrity: sha1-jg7zVEScD69BUZsAv8IEXq4B3LU=, registry: https://registry.npm.taobao.org/, tarball: https://registry.npmmirror.com/@vue/compiler-dom/download/@vue/compiler-dom-3.2.20.tgz}
    name: '@vue/compiler-dom'
    version: 3.2.20
    dependencies:
      '@vue/compiler-core': registry.npmmirror.com/@vue/compiler-core/3.2.20
      '@vue/shared': registry.npmmirror.com/@vue/shared/3.2.20
    dev: true

  registry.npmmirror.com/@vue/compiler-sfc/3.2.20:
    resolution: {integrity: sha1-LXZo528GbFZt18CcFcmszk6Hbgo=, registry: https://registry.npm.taobao.org/, tarball: https://registry.npmmirror.com/@vue/compiler-sfc/download/@vue/compiler-sfc-3.2.20.tgz}
    name: '@vue/compiler-sfc'
    version: 3.2.20
    dependencies:
      '@babel/parser': registry.npmmirror.com/@babel/parser/7.15.8
      '@vue/compiler-core': registry.npmmirror.com/@vue/compiler-core/3.2.20
      '@vue/compiler-dom': registry.npmmirror.com/@vue/compiler-dom/3.2.20
      '@vue/compiler-ssr': registry.npmmirror.com/@vue/compiler-ssr/3.2.20
      '@vue/ref-transform': registry.npmmirror.com/@vue/ref-transform/3.2.20
      '@vue/shared': registry.npmmirror.com/@vue/shared/3.2.20
      estree-walker: registry.nlark.com/estree-walker/2.0.2
      magic-string: registry.nlark.com/magic-string/0.25.7
      postcss: registry.npmmirror.com/postcss/8.3.9
      source-map: registry.nlark.com/source-map/0.6.1
    dev: true

  registry.npmmirror.com/@vue/compiler-ssr/3.2.20:
    resolution: {integrity: sha1-nM62Jh2ZMstVaCAmEMHCj4bF5SE=, registry: https://registry.npm.taobao.org/, tarball: https://registry.npmmirror.com/@vue/compiler-ssr/download/@vue/compiler-ssr-3.2.20.tgz}
    name: '@vue/compiler-ssr'
    version: 3.2.20
    dependencies:
      '@vue/compiler-dom': registry.npmmirror.com/@vue/compiler-dom/3.2.20
      '@vue/shared': registry.npmmirror.com/@vue/shared/3.2.20
    dev: true

  registry.npmmirror.com/@vue/reactivity/3.2.20:
    resolution: {integrity: sha1-gf4cNo5/ILwOwd7BBFu+4lNYLeg=, registry: https://registry.npm.taobao.org/, tarball: https://registry.npmmirror.com/@vue/reactivity/download/@vue/reactivity-3.2.20.tgz}
    name: '@vue/reactivity'
    version: 3.2.20
    dependencies:
      '@vue/shared': registry.npmmirror.com/@vue/shared/3.2.20
    dev: true

  registry.npmmirror.com/@vue/ref-transform/3.2.20:
    resolution: {integrity: sha1-KlnskMr45cczZ3agkAv/CouBwJA=, registry: https://registry.npm.taobao.org/, tarball: https://registry.npmmirror.com/@vue/ref-transform/download/@vue/ref-transform-3.2.20.tgz?cache=0&sync_timestamp=1633756876130&other_urls=https%3A%2F%2Fregistry.npmmirror.com%2F%40vue%2Fref-transform%2Fdownload%2F%40vue%2Fref-transform-3.2.20.tgz}
    name: '@vue/ref-transform'
    version: 3.2.20
    dependencies:
      '@babel/parser': registry.npmmirror.com/@babel/parser/7.15.8
      '@vue/compiler-core': registry.npmmirror.com/@vue/compiler-core/3.2.20
      '@vue/shared': registry.npmmirror.com/@vue/shared/3.2.20
      estree-walker: registry.nlark.com/estree-walker/2.0.2
      magic-string: registry.nlark.com/magic-string/0.25.7
    dev: true

  registry.npmmirror.com/@vue/runtime-core/3.2.20:
    resolution: {integrity: sha1-j2PpVqP4j7dyVBRDxFp3ASEQEss=, registry: https://registry.npm.taobao.org/, tarball: https://registry.npmmirror.com/@vue/runtime-core/download/@vue/runtime-core-3.2.20.tgz}
    name: '@vue/runtime-core'
    version: 3.2.20
    dependencies:
      '@vue/reactivity': registry.npmmirror.com/@vue/reactivity/3.2.20
      '@vue/shared': registry.npmmirror.com/@vue/shared/3.2.20
    dev: true

  registry.npmmirror.com/@vue/runtime-dom/3.2.20:
    resolution: {integrity: sha1-iqVq5sMPnNSnHKDp7DxL3GcUjRU=, registry: https://registry.npm.taobao.org/, tarball: https://registry.npmmirror.com/@vue/runtime-dom/download/@vue/runtime-dom-3.2.20.tgz?cache=0&sync_timestamp=1633756879144&other_urls=https%3A%2F%2Fregistry.npmmirror.com%2F%40vue%2Fruntime-dom%2Fdownload%2F%40vue%2Fruntime-dom-3.2.20.tgz}
    name: '@vue/runtime-dom'
    version: 3.2.20
    dependencies:
      '@vue/runtime-core': registry.npmmirror.com/@vue/runtime-core/3.2.20
      '@vue/shared': registry.npmmirror.com/@vue/shared/3.2.20
      csstype: registry.nlark.com/csstype/2.6.18
    dev: true

  registry.npmmirror.com/@vue/server-renderer/3.2.20_vue@3.2.20:
    resolution: {integrity: sha1-cF4HrpQlEysrYifTCKUaE/TU7IE=, registry: https://registry.npm.taobao.org/, tarball: https://registry.npmmirror.com/@vue/server-renderer/download/@vue/server-renderer-3.2.20.tgz}
    id: registry.npmmirror.com/@vue/server-renderer/3.2.20
    name: '@vue/server-renderer'
    version: 3.2.20
    peerDependencies:
      vue: 3.2.20
    dependencies:
      '@vue/compiler-ssr': registry.npmmirror.com/@vue/compiler-ssr/3.2.20
      '@vue/shared': registry.npmmirror.com/@vue/shared/3.2.20
      vue: registry.npmmirror.com/vue/3.2.20
    dev: true

  registry.npmmirror.com/@vue/shared/3.2.20:
    resolution: {integrity: sha1-U3RpYfcxqOpmbjMWJx6UQjjcMds=, registry: https://registry.npm.taobao.org/, tarball: https://registry.npmmirror.com/@vue/shared/download/@vue/shared-3.2.20.tgz?cache=0&sync_timestamp=1633756876284&other_urls=https%3A%2F%2Fregistry.npmmirror.com%2F%40vue%2Fshared%2Fdownload%2F%40vue%2Fshared-3.2.20.tgz}
    name: '@vue/shared'
    version: 3.2.20
    dev: true

  registry.npmmirror.com/nanoid/3.1.30:
    resolution: {integrity: sha1-Y/k8xUjSoRPcXfvGO/oJ4rm2Q2I=, registry: https://registry.npm.taobao.org/, tarball: https://registry.npmmirror.com/nanoid/download/nanoid-3.1.30.tgz}
    name: nanoid
    version: 3.1.30
    engines: {node: ^10 || ^12 || ^13.7 || ^14 || >=15.0.1}
    hasBin: true
    dev: true

  registry.npmmirror.com/picocolors/0.2.1:
    resolution: {integrity: sha1-VwZw95NkaFHRuhNZlpYqutWHhZ8=, registry: https://registry.npm.taobao.org/, tarball: https://registry.npmmirror.com/picocolors/download/picocolors-0.2.1.tgz}
    name: picocolors
    version: 0.2.1
    dev: true

  registry.npmmirror.com/postcss/8.3.9:
    resolution: {integrity: sha1-mHVMqgbE7p61nMSL0HO7a9NDfDE=, registry: https://registry.npm.taobao.org/, tarball: https://registry.npmmirror.com/postcss/download/postcss-8.3.9.tgz}
    name: postcss
    version: 8.3.9
    engines: {node: ^10 || ^12 || >=14}
    dependencies:
      nanoid: registry.npmmirror.com/nanoid/3.1.30
      picocolors: registry.npmmirror.com/picocolors/0.2.1
      source-map-js: registry.nlark.com/source-map-js/0.6.2
    dev: true

  registry.npmmirror.com/typescript/4.4.4:
    resolution: {integrity: sha1-LNAaGh8WBwTTEB/VpY/w+fy4Aww=, registry: https://registry.npm.taobao.org/, tarball: https://registry.npmmirror.com/typescript/download/typescript-4.4.4.tgz}
    name: typescript
    version: 4.4.4
    engines: {node: '>=4.2.0'}
    hasBin: true
    dev: true

  registry.npmmirror.com/vue/3.2.20:
    resolution: {integrity: sha1-lA+KqL8+O+eCQ8pYK61B/NRa4+Y=, registry: https://registry.npm.taobao.org/, tarball: https://registry.npmmirror.com/vue/download/vue-3.2.20.tgz}
    name: vue
    version: 3.2.20
    dependencies:
      '@vue/compiler-dom': registry.npmmirror.com/@vue/compiler-dom/3.2.20
      '@vue/compiler-sfc': registry.npmmirror.com/@vue/compiler-sfc/3.2.20
      '@vue/runtime-dom': registry.npmmirror.com/@vue/runtime-dom/3.2.20
      '@vue/server-renderer': registry.npmmirror.com/@vue/server-renderer/3.2.20_vue@3.2.20
      '@vue/shared': registry.npmmirror.com/@vue/shared/3.2.20
    dev: true
